
Microsoft Visual Studio Solution File, Format Version 12.00
# Visual Studio Version 16
VisualStudioVersion = 16.0.30523.141
MinimumVisualStudioVersion = 10.0.40219.1
Project("{8BC9CEB8-8B4A-11D0-8D11-00A0C91BC942}") = "Лабраторна №1", "Лабраторна №1\Лабраторна №1.vcxproj", "{ED905C41-79D9-4837-BEA0-FF53FB8B4415}"
EndProject
Global
	GlobalSection(SolutionConfigurationPlatforms) = preSolution
		Debug|x64 = Debug|x64
		Debug|x86 = Debug|x86
		Release|x64 = Release|x64
		Release|x86 = Release|x86
	EndGlobalSection
	GlobalSection(ProjectConfigurationPlatforms) = postSolution
		{ED905C41-79D9-4837-BEA0-FF53FB8B4415}.Debug|x64.ActiveCfg = Debug|x64
		{ED905C41-79D9-4837-BEA0-FF53FB8B4415}.Debug|x64.Build.0 = Debug|x64
		{ED905C41-79D9-4837-BEA0-FF53FB8B4415}.Debug|x86.ActiveCfg = Debug|Win32
		{ED905C41-79D9-4837-BEA0-FF53FB8B4415}.Debug|x86.Build.0 = Debug|Win32
		{ED905C41-79D9-4837-BEA0-FF53FB8B4415}.Release|x64.ActiveCfg = Release|x64
		{ED905C41-79D9-4837-BEA0-FF53FB8B4415}.Release|x64.Build.0 = Release|x64
		{ED905C41-79D9-4837-BEA0-FF53FB8B4415}.Release|x86.ActiveCfg = Release|Win32
		{ED905C41-79D9-4837-BEA0-FF53FB8B4415}.Release|x86.Build.0 = Release|Win32
	EndGlobalSection
	GlobalSection(SolutionProperties) = preSolution
		HideSolutionNode = FALSE
	EndGlobalSection
	GlobalSection(ExtensibilityGlobals) = postSolution
		SolutionGuid = {A7EA0F1C-2A6E-411F-8F42-764E6D56DF0C}
	EndGlobalSection
EndGlobal
